github.com/RoaringBitmap/roaring/v2 v2.4.5 h1:uGrrMreGjvAtTBobc0g5IrW1D5ldxDQYe2JW2gggRdg=
github.com/RoaringBitmap/roaring/v2 v2.4.5/go.mod h1:FiJcsfkGje/nZBZgCu0ZxCPOKD/hVXDS2dXi7/eUFE0=
github.com/bits-and-blooms/bitset v1.12.0/go.mod h1:7hO7Gc7Pp1vODcmWvKMRA9BNmbv6a/7QIWpPxHddWR8=
github.com/bits-and-blooms/bitset v1.22.0 h1:Tquv9S8+SGaS3EhyA+up3FXzmkhxPGjQQCkcs2uw7w4=
github.com/bits-and-blooms/bitset v1.22.0/go.mod h1:7hO7Gc7Pp1vODcmWvKMRA9BNmbv6a/7QIWpPxHddWR8=
github.com/blevesearch/bleve/v2 v2.5.0 h1:HzYqBy/5/M9Ul9ESEmXzN/3Jl7YpmWBdHM/+zzv/3k4=
github.com/blevesearch/bleve/v2 v2.5.0/go.mod h1:PcJzTPnEynO15dCf9isxOga7YFRa/cMSsbnRwnszXUk=
github.com/blevesearch/bleve_index_api v1.2.8 h1:Y98Pu5/MdlkRyLM0qDHostYo7i+Vv1cDNhqTeR4Sy6Y=
github.com/blevesearch/bleve_index_api v1.2.8/go.mod h1:rKQDl4u51uwafZxFrPD1R7xFOwKnzZW7s/LSeK4lgo0=
github.com/blevesearch/geo v0.2.0 h1:f+IE3/C3mGeXDyhtMbWel6BgqBqaOUz43GtWg26GlB0=
github.com/blevesearch/geo v0.2.0/go.mod h1:k8Hyfz12kM8QmeWLhgX7VMMCoVFmttBnr62V5zniXak=
github.com/blevesearch/go-faiss v1.0.25 h1:lel1rkOUGbT1CJ0YgzKwC7k+XH0XVBHnCVWahdCXk4U=
github.com/blevesearch/go-faiss v1.0.25/go.mod h1:OMGQwOaRRYxrmeNdMrXJPvVx8gBnvE5RYrr0BahNnkk=
github.com/blevesearch/go-porterstemmer v1.0.3 h1:GtmsqID0aZdCSNiY8SkuPJ12pD4jI+DdXTAn4YRcHCo=
github.com/blevesearch/go-porterstemmer v1.0.3/go.mod h1:angGc5Ht+k2xhJdZi511LtmxuEf0OVpvUUNrwmM1P7M=
github.com/blevesearch/gtreap v0.1.1 h1:2JWigFrzDMR+42WGIN/V2p0cUvn4UP3C4Q5nmaZGW8Y=
github.com/blevesearch/gtreap v0.1.1/go.mod h1:QaQyDRAT51sotthUWAH4Sj08awFSSWzgYICSZ3w0tYk=
github.com/blevesearch/mmap-go v1.0.4 h1:OVhDhT5B/M1HNPpYPBKIEJaD0F3Si+CrEKULGCDPWmc=
github.com/blevesearch/mmap-go v1.0.4/go.mod h1:EWmEAOmdAS9z/pi/+Toxu99DnsbhG1TIxUoRmJw/pSs=
github.com/blevesearch/scorch_segment_api/v2 v2.3.10 h1:Yqk0XD1mE0fDZAJXTjawJ8If/85JxnLd8v5vG/jWE/s=
github.com/blevesearch/scorch_segment_api/v2 v2.3.10/go.mod h1:Z3e6ChN3qyN35yaQpl00MfI5s8AxUJbpTR/DL8QOQ+8=
github.com/blevesearch/segment v0.9.1 h1:+dThDy+Lvgj5JMxhmOVlgFfkUtZV2kw49xax4+jTfSU=
github.com/blevesearch/segment v0.9.1/go.mod h1:zN21iLm7+GnBHWTao9I+Au/7MBiL8pPFtJBJTsk6kQw=
github.com/blevesearch/snowballstem v0.9.0 h1:lMQ189YspGP6sXvZQ4WZ+MLawfV8wOmPoD/iWeNXm8s=
github.com/blevesearch/snowballstem v0.9.0/go.mod h1:PivSj3JMc8WuaFkTSRDW2SlrulNWPl4ABg1tC/hlgLs=
github.com/blevesearch/upsidedown_store_api v1.0.2 h1:U53Q6YoWEARVLd1OYNc9kvhBMGZzVrdmaozG2MfoB+A=
github.com/blevesearch/upsidedown_store_api v1.0.2/go.mod h1:M01mh3Gpfy56Ps/UXHjEO/knbqyQ1Oamg8If49gRwrQ=
github.com/blevesearch/vellum v1.1.0 h1:CinkGyIsgVlYf8Y2LUQHvdelgXr6PYuvoDIajq6yR9w=
github.com/blevesearch/vellum v1.1.0/go.mod h1:QgwWryE8ThtNPxtgWJof5ndPfx0/YMBh+W2weHKPw8Y=
github.com/blevesearch/zapx/v11 v11.4.1 h1:qFCPlFbsEdwbbckJkysptSQOsHn4s6ZOHL5GMAIAVHA=
github.com/blevesearch/zapx/v11 v11.4.1/go.mod h1:qNOGxIqdPC1MXauJCD9HBG487PxviTUUbmChFOAosGs=
github.com/blevesearch/zapx/v12 v12.4.1 h1:K77bhypII60a4v8mwvav7r4IxWA8qxhNjgF9xGdb9eQ=
github.com/blevesearch/zapx/v12 v12.4.1/go.mod h1:QRPrlPOzAxBNMI0MkgdD+xsTqx65zbuPr3Ko4Re49II=
github.com/blevesearch/zapx/v13 v13.4.1 h1:EnkEMZFUK0lsW/jOJJF2xOcp+W8TjEsyeN5BeAZEYYE=
github.com/blevesearch/zapx/v13 v13.4.1/go.mod h1:e6duBMlCvgbH9rkzNMnUa9hRI9F7ri2BRcHfphcmGn8=
github.com/blevesearch/zapx/v14 v14.4.1 h1:G47kGCshknBZzZAtjcnIAMn3oNx8XBLxp8DMq18ogyE=
github.com/blevesearch/zapx/v14 v14.4.1/go.mod h1:O7sDxiaL2r2PnCXbhh1Bvm7b4sP+jp4unE9DDPWGoms=
github.com/blevesearch/zapx/v15 v15.4.1 h1:B5IoTMUCEzFdc9FSQbhVOxAY+BO17c05866fNruiI7g=
github.com/blevesearch/zapx/v15 v15.4.1/go.mod h1:b/MreHjYeQoLjyY2+UaM0hGZZUajEbE0xhnr1A2/Q6Y=
github.com/blevesearch/zapx/v16 v16.2.3 h1:7Y0r+a3diEvlazsncexq1qoFOcBd64xwMS7aDm4lo1s=
github.com/blevesearch/zapx/v16 v16.2.3/go.mod h1:wVJ+GtURAaRG9KQAMNYyklq0egV+XJlGcXNCE0OFjjA=
github.com/cpuguy83/go-md2man/v2 v2.0.6/go.mod h1:oOW0eioCTA6cOiMLiUPZOpcVxMig6NIQQ7OS05n1F4g=
github.com/davecgh/go-spew v1.1.0/go.mod h1:J7Y8YcW2NihsgmVo/mv3lAwl/skON4iLHjSsI+c5H38=
github.com/davecgh/go-spew v1.1.1/go.mod h1:J7Y8YcW2NihsgmVo/mv3lAwl/skON4iLHjSsI+c5H38=
github.com/golang/geo v0.0.0-20250417192230-a483f6ae7110 h1:buKTa/TfZH6Kf/HL22L9NpBpzglHL1aspZjRCuoS6kw=
github.com/golang/geo v0.0.0-20250417192230-a483f6ae7110/go.mod h1:DaoiJOlOKPwoy8qrxeMEsEFBPB1P+vCktZlA+qARoWg=
github.com/golang/protobuf v1.5.4 h1:i7eJL8qZTpSEXOPTxNKhASYpMn+8e5Q6AdndVa1dWek=
github.com/golang/protobuf v1.5.4/go.mod h1:lnTiLA8Wa4RWRcIUkrtSVa5nRhsEGBg48fD6rSs7xps=
github.com/golang/snappy v1.0.0 h1:Oy607GVXHs7RtbggtPBnr2RmDArIsAefDwvrdWvRhGs=
github.com/golang/snappy v1.0.0/go.mod h1:/XxbfmMg8lxefKM7IXC3fBNl/7bRcc72aCRzEWrmP2Q=
github.com/google/gofuzz v1.0.0/go.mod h1:dBl0BpW6vV/+mYPU4Po3pmUjxk6FQPldtuIdl/M65Eg=
github.com/google/uuid v1.6.0/go.mod h1:TIyPZe4MgqvfeYDBFedMoGGpEw/LqOeaOT+nhxU+yHo=
github.com/inconshreveable/mousetrap v1.1.0 h1:wN+x4NVGpMsO7ErUn/mUI3vEoE6Jt13X2s0bqwp9tc8=
github.com/inconshreveable/mousetrap v1.1.0/go.mod h1:vpF70FUmC8bwa3OWnCshd2FqLfsEA9PFc4w1p2J65bw=
github.com/json-iterator/go v1.1.12 h1:PV8peI4a0ysnczrg+LtxykD8LfKY9ML6u2jnxaEnrnM=
github.com/json-iterator/go v1.1.12/go.mod h1:e30LSqwooZae/UwlEbR2852Gd8hjQvJoHmT4TnhNGBo=
github.com/mattn/go-sqlite3 v1.14.28 h1:ThEiQrnbtumT+QMknw63Befp/ce/nUPgBPMlRFEum7A=
github.com/mattn/go-sqlite3 v1.14.28/go.mod h1:Uh1q+B4BYcTPb+yiD3kU8Ct7aC0hY9fxUwlHK0RXw+Y=
github.com/modern-go/concurrent v0.0.0-20180228061459-e0a39a4cb421/go.mod h1:6dJC0mAP4ikYIbvyc7fijjWJddQyLn8Ig3JB5CqoB9Q=
github.com/modern-go/concurrent v0.0.0-20180306012644-bacd9c7ef1dd h1:TRLaZ9cD/w8PVh93nsPXa1VrQ6jlwL5oN8l14QlcNfg=
github.com/modern-go/concurrent v0.0.0-20180306012644-bacd9c7ef1dd/go.mod h1:6dJC0mAP4ikYIbvyc7fijjWJddQyLn8Ig3JB5CqoB9Q=
github.com/modern-go/reflect2 v1.0.2 h1:xBagoLtFs94CBntxluKeaWgTMpvLxC4ur3nMaC9Gz0M=
github.com/modern-go/reflect2 v1.0.2/go.mod h1:yWuevngMOJpCy52FWWMvUC8ws7m/LJsjYzDa0/r8luk=
github.com/mschoch/smat v0.2.0 h1:8imxQsjDm8yFEAVBe7azKmKSgzSkZXDuKkSq9374khM=
github.com/mschoch/smat v0.2.0/go.mod h1:kc9mz7DoBKqDyiRL7VZN8KvXQMWeTaVnttLRXOlotKw=
github.com/pmezard/go-difflib v1.0.0/go.mod h1:iKH77koFhYxTK1pcRnkKkqfTogsbg7gZNVY4sRDYZ/4=
github.com/russross/blackfriday/v2 v2.1.0/go.mod h1:+Rmxgy9KzJVeS9/2gXHxylqXiyQDYRxCVz55jmeOWTM=
github.com/spf13/cobra v1.9.1 h1:CXSaggrXdbHK9CF+8ywj8Amf7PBRmPCOJugH954Nnlo=
github.com/spf13/cobra v1.9.1/go.mod h1:nDyEzZ8ogv936Cinf6g1RU9MRY64Ir93oCnqb9wxYW0=
github.com/spf13/pflag v1.0.6 h1:jFzHGLGAlb3ruxLB8MhbI6A8+AQX/2eW4qeyNZXNp2o=
github.com/spf13/pflag v1.0.6/go.mod h1:McXfInJRrz4CZXVZOBLb0bTZqETkiAhM9Iw0y3An2Bg=
github.com/stretchr/objx v0.1.0/go.mod h1:HFkY916IF+rwdDfMAkV7OtwuqBVzrE8GR6GFx+wExME=
github.com/stretchr/testify v1.3.0/go.mod h1:M5WIy9Dh21IEIfnGCwXGc5bZfKNJtfHm1UVUgZn+9EI=
github.com/stretchr/testify v1.7.0/go.mod h1:6Fq8oRcR53rry900zMqJjRRixrwX3KX962/h/Wwjteg=
go.etcd.io/bbolt v1.4.0 h1:TU77id3TnN/zKr7CO/uk+fBCwF2jGcMuw2B/FMAzYIk=
go.etcd.io/bbolt v1.4.0/go.mod h1:AsD+OCi/qPN1giOX1aiLAha3o1U8rAz65bvN4j0sRuk=
golang.org/x/sys v0.0.0-20220520151302-bc2c85ada10a/go.mod h1:oPkhp1MJrh7nUepCBck5+mAzfO9JrbApNNgaTdGDITg=
golang.org/x/sys v0.32.0 h1:s77OFDvIQeibCmezSnk/q6iAfkdiQaJi4VzroCFrN20=
golang.org/x/sys v0.32.0/go.mod h1:BJP2sWEmIv4KK5OTEluFJCKSidICx8ciO85XgH3Ak8k=
google.golang.org/protobuf v1.36.6 h1:z1NpPI8ku2WgiWnf+t9wTPsn6eP1L7ksHUlkfLvd9xY=
google.golang.org/protobuf v1.36.6/go.mod h1:jduwjTPXsFjZGTmRluh+L6NjiWu7pchiJ2/5YcXBHnY=
gopkg.in/check.v1 v0.0.0-20161208181325-20d25e280405/go.mod h1:Co6ibVJAznAaIkqp8huTwlJQCZ016jof/cbN4VW5Yz0=
gopkg.in/yaml.v3 v3.0.0-20200313102051-9f266ea9e77c/go.mod h1:K4uyk7z7BCEPqu6E+C64Yfv1cQ7kz7rIZviUmN+EgEM=
gopkg.in/yaml.v3 v3.0.0/go.mod h1:K4uyk7z7BCEPqu6E+C64Yfv1cQ7kz7rIZviUmN+EgEM=
gopkg.in/yaml.v3 v3.0.1/go.mod h1:K4uyk7z7BCEPqu6E+C64Yfv1cQ7kz7rIZviUmN+EgEM=
